// !$*UTF8*$!
{
	archiveVersion = 1;
	classes = {
	};
	objectVersion = 46;
	objects = {

/* Begin PBXBuildFile section */
		1D60589F0D05DD5A006BFB54 /* Foundation.framework in Frameworks */ = {isa = PBXBuildFile; fileRef = 1D30AB110D05D00D00671497 /* Foundation.framework */; };
		1DF5F4E00D08C38300B7A737 /* UIKit.framework in Frameworks */ = {isa = PBXBuildFile; fileRef = 1DF5F4DF0D08C38300B7A737 /* UIKit.framework */; };
		288765A50DF7441C002DB57D /* CoreGraphics.framework in Frameworks */ = {isa = PBXBuildFile; fileRef = 288765A40DF7441C002DB57D /* CoreGraphics.framework */; };
		30B341EB166D1F9100B8F678 /* Default-568h@2x.png in Resources */ = {isa = PBXBuildFile; fileRef = 30B341E8166D1F9100B8F678 /* Default-568h@2x.png */; };
		30B341EC166D1F9100B8F678 /* Default.png in Resources */ = {isa = PBXBuildFile; fileRef = 30B341E9166D1F9100B8F678 /* Default.png */; };
		30B341ED166D1F9100B8F678 /* Default@2x.png in Resources */ = {isa = PBXBuildFile; fileRef = 30B341EA166D1F9100B8F678 /* Default@2x.png */; };
		30BD1D5015BE205700792C47 /* UIImageView+JMImageCache.m in Sources */ = {isa = PBXBuildFile; fileRef = 30BD1D4F15BE205700792C47 /* UIImageView+JMImageCache.m */; };
		30BD1D5415BE2BF000792C47 /* placeholder.png in Resources */ = {isa = PBXBuildFile; fileRef = 30BD1D5215BE2BF000792C47 /* placeholder.png */; };
		30BD1D5515BE2BF000792C47 /* placeholder@2x.png in Resources */ = {isa = PBXBuildFile; fileRef = 30BD1D5315BE2BF000792C47 /* placeholder@2x.png */; };
		B2C2B02A131072D100BCA7EB /* AppDelegate.m in Sources */ = {isa = PBXBuildFile; fileRef = B2C2B020131072D100BCA7EB /* AppDelegate.m */; };
		B2C2B02B131072D100BCA7EB /* DemoViewController.m in Sources */ = {isa = PBXBuildFile; fileRef = B2C2B022131072D100BCA7EB /* DemoViewController.m */; };
		B2C2B02D131072D100BCA7EB /* main.m in Sources */ = {isa = PBXBuildFile; fileRef = B2C2B027131072D100BCA7EB /* main.m */; };
		B2C2B033131072E200BCA7EB /* JMImageCache.m in Sources */ = {isa = PBXBuildFile; fileRef = B2C2B032131072E200BCA7EB /* JMImageCache.m */; };
/* End PBXBuildFile section */

/* Begin PBXFileReference section */
		1D30AB110D05D00D00671497 /* Foundation.framework */ = {isa = PBXFileReference; lastKnownFileType = wrapper.framework; name = Foundation.framework; path = System/Library/Frameworks/Foundation.framework; sourceTree = SDKROOT; };
		1D6058910D05DD3D006BFB54 /* JMImageCacheDemo.app */ = {isa = PBXFileReference; explicitFileType = wrapper.application; includeInIndex = 0; path = JMImageCacheDemo.app; sourceTree = BUILT_PRODUCTS_DIR; };
		1DF5F4DF0D08C38300B7A737 /* UIKit.framework */ = {isa = PBXFileReference; lastKnownFileType = wrapper.framework; name = UIKit.framework; path = System/Library/Frameworks/UIKit.framework; sourceTree = SDKROOT; };
		288765A40DF7441C002DB57D /* CoreGraphics.framework */ = {isa = PBXFileReference; lastKnownFileType = wrapper.framework; name = CoreGraphics.framework; path = System/Library/Frameworks/CoreGraphics.framework; sourceTree = SDKROOT; };
		30B341E8166D1F9100B8F678 /* Default-568h@2x.png */ = {isa = PBXFileReference; lastKnownFileType = image.png; path = "Default-568h@2x.png"; sourceTree = "<group>"; };
		30B341E9166D1F9100B8F678 /* Default.png */ = {isa = PBXFileReference; lastKnownFileType = image.png; path = Default.png; sourceTree = "<group>"; };
		30B341EA166D1F9100B8F678 /* Default@2x.png */ = {isa = PBXFileReference; lastKnownFileType = image.png; path = "Default@2x.png"; sourceTree = "<group>"; };
		30BD1D4E15BE205700792C47 /* UIImageView+JMImageCache.h */ = {isa = PBXFileReference; fileEncoding = 4; lastKnownFileType = sourcecode.c.h; name = "UIImageView+JMImageCache.h"; path = "../UIImageView+JMImageCache.h"; sourceTree = "<group>"; };
		30BD1D4F15BE205700792C47 /* UIImageView+JMImageCache.m */ = {isa = PBXFileReference; fileEncoding = 4; lastKnownFileType = sourcecode.c.objc; name = "UIImageView+JMImageCache.m"; path = "../UIImageView+JMImageCache.m"; sourceTree = "<group>"; };
		30BD1D5215BE2BF000792C47 /* placeholder.png */ = {isa = PBXFileReference; lastKnownFileType = image.png; path = placeholder.png; sourceTree = "<group>"; };
		30BD1D5315BE2BF000792C47 /* placeholder@2x.png */ = {isa = PBXFileReference; lastKnownFileType = image.png; path = "placeholder@2x.png"; sourceTree = "<group>"; };
		B2C2B01F131072D100BCA7EB /* AppDelegate.h */ = {isa = PBXFileReference; fileEncoding = 4; lastKnownFileType = sourcecode.c.h; path = AppDelegate.h; sourceTree = "<group>"; };
		B2C2B020131072D100BCA7EB /* AppDelegate.m */ = {isa = PBXFileReference; fileEncoding = 4; lastKnownFileType = sourcecode.c.objc; path = AppDelegate.m; sourceTree = "<group>"; };
		B2C2B021131072D100BCA7EB /* DemoViewController.h */ = {isa = PBXFileReference; fileEncoding = 4; lastKnownFileType = sourcecode.c.h; path = DemoViewController.h; sourceTree = "<group>"; };
		B2C2B022131072D100BCA7EB /* DemoViewController.m */ = {isa = PBXFileReference; fileEncoding = 4; lastKnownFileType = sourcecode.c.objc; path = DemoViewController.m; sourceTree = "<group>"; };
		B2C2B026131072D100BCA7EB /* JMImageCacheDemo_Prefix.pch */ = {isa = PBXFileReference; fileEncoding = 4; lastKnownFileType = sourcecode.c.h; path = JMImageCacheDemo_Prefix.pch; sourceTree = "<group>"; };
		B2C2B027131072D100BCA7EB /* main.m */ = {isa = PBXFileReference; fileEncoding = 4; lastKnownFileType = sourcecode.c.objc; path = main.m; sourceTree = "<group>"; };
		B2C2B029131072D100BCA7EB /* JMImageCacheDemo-Info.plist */ = {isa = PBXFileReference; fileEncoding = 4; lastKnownFileType = text.plist.xml; path = "JMImageCacheDemo-Info.plist"; sourceTree = "<group>"; };
		B2C2B031131072E200BCA7EB /* JMImageCache.h */ = {isa = PBXFileReference; fileEncoding = 4; lastKnownFileType = sourcecode.c.h; name = JMImageCache.h; path = ../JMImageCache.h; sourceTree = "<group>"; };
		B2C2B032131072E200BCA7EB /* JMImageCache.m */ = {isa = PBXFileReference; fileEncoding = 4; lastKnownFileType = sourcecode.c.objc; name = JMImageCache.m; path = ../JMImageCache.m; sourceTree = "<group>"; };
/* End PBXFileReference section */

/* Begin PBXFrameworksBuildPhase section */
		1D60588F0D05DD3D006BFB54 /* Frameworks */ = {
			isa = PBXFrameworksBuildPhase;
			buildActionMask = 2147483647;
			files = (
				1D60589F0D05DD5A006BFB54 /* Foundation.framework in Frameworks */,
				1DF5F4E00D08C38300B7A737 /* UIKit.framework in Frameworks */,
				288765A50DF7441C002DB57D /* CoreGraphics.framework in Frameworks */,
			);
			runOnlyForDeploymentPostprocessing = 0;
		};
/* End PBXFrameworksBuildPhase section */

/* Begin PBXGroup section */
		19C28FACFE9D520D11CA2CBB /* Products */ = {
			isa = PBXGroup;
			children = (
				1D6058910D05DD3D006BFB54 /* JMImageCacheDemo.app */,
			);
			name = Products;
			sourceTree = "<group>";
		};
		29B97314FDCFA39411CA2CEA /* CustomTemplate */ = {
			isa = PBXGroup;
			children = (
				B2C2B030131072D800BCA7EB /* JMImageCache */,
				B2C2B01E131072D100BCA7EB /* Classes */,
				B2C2B025131072D100BCA7EB /* Other Sources */,
				B2C2B028131072D100BCA7EB /* Resources */,
				29B97323FDCFA39411CA2CEA /* Frameworks */,
				19C28FACFE9D520D11CA2CBB /* Products */,
			);
			name = CustomTemplate;
			sourceTree = "<group>";
		};
		29B97323FDCFA39411CA2CEA /* Frameworks */ = {
			isa = PBXGroup;
			children = (
				1DF5F4DF0D08C38300B7A737 /* UIKit.framework */,
				1D30AB110D05D00D00671497 /* Foundation.framework */,
				288765A40DF7441C002DB57D /* CoreGraphics.framework */,
			);
			name = Frameworks;
			sourceTree = "<group>";
		};
		30BD1D5115BE2BF000792C47 /* Images */ = {
			isa = PBXGroup;
			children = (
				30B341E8166D1F9100B8F678 /* Default-568h@2x.png */,
				30B341E9166D1F9100B8F678 /* Default.png */,
				30B341EA166D1F9100B8F678 /* Default@2x.png */,
				30BD1D5215BE2BF000792C47 /* placeholder.png */,
				30BD1D5315BE2BF000792C47 /* placeholder@2x.png */,
			);
			path = Images;
			sourceTree = "<group>";
		};
		B2C2B01E131072D100BCA7EB /* Classes */ = {
			isa = PBXGroup;
			children = (
				B2C2B01F131072D100BCA7EB /* AppDelegate.h */,
				B2C2B020131072D100BCA7EB /* AppDelegate.m */,
				B2C2B021131072D100BCA7EB /* DemoViewController.h */,
				B2C2B022131072D100BCA7EB /* DemoViewController.m */,
			);
			path = Classes;
			sourceTree = "<group>";
		};
		B2C2B025131072D100BCA7EB /* Other Sources */ = {
			isa = PBXGroup;
			children = (
				B2C2B026131072D100BCA7EB /* JMImageCacheDemo_Prefix.pch */,
				B2C2B027131072D100BCA7EB /* main.m */,
			);
			path = "Other Sources";
			sourceTree = "<group>";
		};
		B2C2B028131072D100BCA7EB /* Resources */ = {
			isa = PBXGroup;
			children = (
				30BD1D5115BE2BF000792C47 /* Images */,
				B2C2B029131072D100BCA7EB /* JMImageCacheDemo-Info.plist */,
			);
			path = Resources;
			sourceTree = "<group>";
		};
		B2C2B030131072D800BCA7EB /* JMImageCache */ = {
			isa = PBXGroup;
			children = (
				B2C2B031131072E200BCA7EB /* JMImageCache.h */,
				B2C2B032131072E200BCA7EB /* JMImageCache.m */,
				30BD1D4E15BE205700792C47 /* UIImageView+JMImageCache.h */,
				30BD1D4F15BE205700792C47 /* UIImageView+JMImageCache.m */,
			);
			name = JMImageCache;
			sourceTree = "<group>";
		};
/* End PBXGroup section */

/* Begin PBXNativeTarget section */
		1D6058900D05DD3D006BFB54 /* JMImageCacheDemo */ = {
			isa = PBXNativeTarget;
			buildConfigurationList = 1D6058960D05DD3E006BFB54 /* Build configuration list for PBXNativeTarget "JMImageCacheDemo" */;
			buildPhases = (
				1D60588D0D05DD3D006BFB54 /* Resources */,
				1D60588E0D05DD3D006BFB54 /* Sources */,
				1D60588F0D05DD3D006BFB54 /* Frameworks */,
			);
			buildRules = (
			);
			dependencies = (
			);
			name = JMImageCacheDemo;
			productName = JMCache;
			productReference = 1D6058910D05DD3D006BFB54 /* JMImageCacheDemo.app */;
			productType = "com.apple.product-type.application";
		};
/* End PBXNativeTarget section */

/* Begin PBXProject section */
		29B97313FDCFA39411CA2CEA /* Project object */ = {
			isa = PBXProject;
			attributes = {
				LastUpgradeCheck = 0440;
			};
			buildConfigurationList = C01FCF4E08A954540054247B /* Build configuration list for PBXProject "JMImageCacheDemo" */;
			compatibilityVersion = "Xcode 3.2";
			developmentRegion = English;
			hasScannedForEncodings = 1;
			knownRegions = (
				English,
				Japanese,
				French,
				German,
			);
			mainGroup = 29B97314FDCFA39411CA2CEA /* CustomTemplate */;
			projectDirPath = "";
			projectRoot = "";
			targets = (
				1D6058900D05DD3D006BFB54 /* JMImageCacheDemo */,
			);
		};
/* End PBXProject section */

/* Begin PBXResourcesBuildPhase section */
		1D60588D0D05DD3D006BFB54 /* Resources */ = {
			isa = PBXResourcesBuildPhase;
			buildActionMask = 2147483647;
			files = (
				30BD1D5415BE2BF000792C47 /* placeholder.png in Resources */,
				30BD1D5515BE2BF000792C47 /* placeholder@2x.png in Resources */,
				30B341EB166D1F9100B8F678 /* Default-568h@2x.png in Resources */,
				30B341EC166D1F9100B8F678 /* Default.png in Resources */,
				30B341ED166D1F9100B8F678 /* Default@2x.png in Resources */,
			);
			runOnlyForDeploymentPostprocessing = 0;
		};
/* End PBXResourcesBuildPhase section */

/* Begin PBXSourcesBuildPhase section */
		1D60588E0D05DD3D006BFB54 /* Sources */ = {
			isa = PBXSourcesBuildPhase;
			buildActionMask = 2147483647;
			files = (
				B2C2B02A131072D100BCA7EB /* AppDelegate.m in Sources */,
				B2C2B02B131072D100BCA7EB /* DemoViewController.m in Sources */,
				B2C2B02D131072D100BCA7EB /* main.m in Sources */,
				B2C2B033131072E200BCA7EB /* JMImageCache.m in Sources */,
				30BD1D5015BE205700792C47 /* UIImageView+JMImageCache.m in Sources */,
			);
			runOnlyForDeploymentPostprocessing = 0;
		};
/* End PBXSourcesBuildPhase section */

/* Begin XCBuildConfiguration section */
		1D6058940D05DD3E006BFB54 /* Debug */ = {
			isa = XCBuildConfiguration;
			buildSettings = {
				ALWAYS_SEARCH_USER_PATHS = NO;
				CLANG_ENABLE_OBJC_ARC = YES;
				CODE_SIGN_IDENTITY = "iPhone Developer";
				COPY_PHASE_STRIP = NO;
				GCC_DYNAMIC_NO_PIC = NO;
				GCC_OPTIMIZATION_LEVEL = 0;
				GCC_PRECOMPILE_PREFIX_HEADER = YES;
				GCC_PREFIX_HEADER = "Other Sources/JMImageCacheDemo_Prefix.pch";
				GCC_VERSION = com.apple.compilers.llvm.clang.1_0;
				INFOPLIST_FILE = "Resources/JMImageCacheDemo-Info.plist";
				PRODUCT_NAME = JMImageCacheDemo;
			};
			name = Debug;
		};
		1D6058950D05DD3E006BFB54 /* Release */ = {
			isa = XCBuildConfiguration;
			buildSettings = {
				ALWAYS_SEARCH_USER_PATHS = NO;
				CLANG_ENABLE_OBJC_ARC = YES;
				CODE_SIGN_IDENTITY = "iPhone Developer";
				COPY_PHASE_STRIP = YES;
				GCC_PRECOMPILE_PREFIX_HEADER = YES;
				GCC_PREFIX_HEADER = "Other Sources/JMImageCacheDemo_Prefix.pch";
				GCC_VERSION = com.apple.compilers.llvm.clang.1_0;
				INFOPLIST_FILE = "Resources/JMImageCacheDemo-Info.plist";
				PRODUCT_NAME = JMImageCacheDemo;
				VALIDATE_PRODUCT = YES;
			};
			name = Release;
		};
		C01FCF4F08A954540054247B /* Debug */ = {
			isa = XCBuildConfiguration;
			buildSettings = {
				ARCHS = "$(ARCHS_STANDARD_32_BIT)";
				"CODE_SIGN_IDENTITY[sdk=iphoneos*]" = "iPhone Developer";
				GCC_C_LANGUAGE_STANDARD = c99;
				GCC_WARN_ABOUT_RETURN_TYPE = YES;
				GCC_WARN_UNUSED_VARIABLE = YES;
				SDKROOT = iphoneos;
			};
			name = Debug;
		};
		C01FCF5008A954540054247B /* Release */ = {
			isa = XCBuildConfiguration;
			buildSettings = {
				ARCHS = "$(ARCHS_STANDARD_32_BIT)";
				"CODE_SIGN_IDENTITY[sdk=iphoneos*]" = "iPhone Developer";
				GCC_C_LANGUAGE_STANDARD = c99;
				GCC_WARN_ABOUT_RETURN_TYPE = YES;
				GCC_WARN_UNUSED_VARIABLE = YES;
				OTHER_CFLAGS = "-DNS_BLOCK_ASSERTIONS=1";
				SDKROOT = iphoneos;
			};
			name = Release;
		};
/* End XCBuildConfiguration section */

/* Begin XCConfigurationList section */
		1D6058960D05DD3E006BFB54 /* Build configuration list for PBXNativeTarget "JMImageCacheDemo" */ = {
			isa = XCConfigurationList;
			buildConfigurations = (
				1D6058940D05DD3E006BFB54 /* Debug */,
				1D6058950D05DD3E006BFB54 /* Release */,
			);
			defaultConfigurationIsVisible = 0;
			defaultConfigurationName = Release;
		};
		C01FCF4E08A954540054247B /* Build configuration list for PBXProject "JMImageCacheDemo" */ = {
			isa = XCConfigurationList;
			buildConfigurations = (
				C01FCF4F08A954540054247B /* Debug */,
				C01FCF5008A954540054247B /* Release */,
			);
			defaultConfigurationIsVisible = 0;
			defaultConfigurationName = Release;
		};
/* End XCConfigurationList section */
	};
	rootObject = 29B97313FDCFA39411CA2CEA /* Project object */;
}
